
Microsoft Visual Studio Solution File, Format Version 12.00
# Visual Studio Version 17
VisualStudioVersion = 17.4.33205.214
MinimumVisualStudioVersion = 10.0.40219.1
Project("{FAE04EC0-301F-11D3-BF4B-00C04F79EFBC}") = "RESTfull.API", "RESTfull.API\RESTfull.API.csproj", "{FCEC2276-673D-4211-B6C0-BA6FFD5C9E85}"
EndProject
Project("{FAE04EC0-301F-11D3-BF4B-00C04F79EFBC}") = "RESTfull.Domain", "RESTfull.Domain\RESTfull.Domain.csproj", "{7E86466D-4722-4CD0-BB2D-A31E46AACC49}"
EndProject
Project("{FAE04EC0-301F-11D3-BF4B-00C04F79EFBC}") = "RESTfull.Infrastructure", "RESTfull.Infrastructure\RESTfull.Infrastructure.csproj", "{680FE50F-19AD-4474-A1A7-E4CCF7E625CA}"
EndProject
Global
	GlobalSection(SolutionConfigurationPlatforms) = preSolution
		Debug|Any CPU = Debug|Any CPU
		Release|Any CPU = Release|Any CPU
	EndGlobalSection
	GlobalSection(ProjectConfigurationPlatforms) = postSolution
		{FCEC2276-673D-4211-B6C0-BA6FFD5C9E85}.Debug|Any CPU.ActiveCfg = Debug|Any CPU
		{FCEC2276-673D-4211-B6C0-BA6FFD5C9E85}.Debug|Any CPU.Build.0 = Debug|Any CPU
		{FCEC2276-673D-4211-B6C0-BA6FFD5C9E85}.Release|Any CPU.ActiveCfg = Release|Any CPU
		{FCEC2276-673D-4211-B6C0-BA6FFD5C9E85}.Release|Any CPU.Build.0 = Release|Any CPU
		{7E86466D-4722-4CD0-BB2D-A31E46AACC49}.Debug|Any CPU.ActiveCfg = Debug|Any CPU
		{7E86466D-4722-4CD0-BB2D-A31E46AACC49}.Debug|Any CPU.Build.0 = Debug|Any CPU
		{7E86466D-4722-4CD0-BB2D-A31E46AACC49}.Release|Any CPU.ActiveCfg = Release|Any CPU
		{7E86466D-4722-4CD0-BB2D-A31E46AACC49}.Release|Any CPU.Build.0 = Release|Any CPU
		{680FE50F-19AD-4474-A1A7-E4CCF7E625CA}.Debug|Any CPU.ActiveCfg = Debug|Any CPU
		{680FE50F-19AD-4474-A1A7-E4CCF7E625CA}.Debug|Any CPU.Build.0 = Debug|Any CPU
		{680FE50F-19AD-4474-A1A7-E4CCF7E625CA}.Release|Any CPU.ActiveCfg = Release|Any CPU
		{680FE50F-19AD-4474-A1A7-E4CCF7E625CA}.Release|Any CPU.Build.0 = Release|Any CPU
	EndGlobalSection
	GlobalSection(SolutionProperties) = preSolution
		HideSolutionNode = FALSE
	EndGlobalSection
	GlobalSection(ExtensibilityGlobals) = postSolution
		SolutionGuid = {0B759D14-6BFC-4A4B-A8B1-337B6C0BE1D6}
	EndGlobalSection
EndGlobal
